
Microsoft Visual Studio Solution File, Format Version 12.00
# Visual Studio 15
VisualStudioVersion = 15.0.27130.2010
MinimumVisualStudioVersion = 10.0.40219.1
Project("{2150E333-8FDC-42A3-9474-1A3956D46DE8}") = "APIs", "APIs", "{A0D428B6-EFB9-4AE8-96CF-585EC1295176}"
EndProject
Project("{2150E333-8FDC-42A3-9474-1A3956D46DE8}") = "Solution Items", "Solution Items", "{259EBA2F-DA9B-46F7-8B32-E66E336DABAE}"
	ProjectSection(SolutionItems) = preProject
		..\..\.gitignore = ..\..\.gitignore
	EndProjectSection
EndProject
Project("{2150E333-8FDC-42A3-9474-1A3956D46DE8}") = "Services", "Services", "{5D45E7D0-6B22-4EDB-A807-1F6F6E1A1967}"
EndProject
Project("{2150E333-8FDC-42A3-9474-1A3956D46DE8}") = "Tests", "Tests", "{CA545ABE-F8EF-4DA4-B43B-FBC0BDCD29B2}"
EndProject
Project("{2150E333-8FDC-42A3-9474-1A3956D46DE8}") = "Middleware", "Middleware", "{ECC9EE3C-0C40-45C1-A2C2-C9FF3D6DFF79}"
EndProject
Project("{2150E333-8FDC-42A3-9474-1A3956D46DE8}") = "WebJobs", "WebJobs", "{4A969FFF-7898-4A5B-A454-3CFB2407F0F1}"
EndProject
Project("{2150E333-8FDC-42A3-9474-1A3956D46DE8}") = "docs", "docs", "{05471996-9CDE-4EB2-82DC-B0D6A705C128}"
EndProject
Project("{9A19103F-16F7-4668-BE54-9A1E7A4F7556}") = "AgencyPro.Core", "src\AgencyPro.Core\AgencyPro.Core.csproj", "{08242DD1-A428-41FC-B489-1572A9EFCA4A}"
EndProject
Project("{9A19103F-16F7-4668-BE54-9A1E7A4F7556}") = "AgencyPro.Data", "src\AgencyPro.Data\AgencyPro.Data.csproj", "{CCDC706B-F560-4916-A9DD-E75EBCCE0D24}"
EndProject
Project("{9A19103F-16F7-4668-BE54-9A1E7A4F7556}") = "AgencyPro.Services", "src\AgencyPro.Services\AgencyPro.Services.csproj", "{F513CBF6-F64E-4CD8-AF2C-47FFB3F7281A}"
EndProject
Project("{9A19103F-16F7-4668-BE54-9A1E7A4F7556}") = "AgencyPro.Middleware", "src\AgencyPro.Middleware\AgencyPro.Middleware.csproj", "{FDC6C03E-7898-4870-86D9-B26271DC6B76}"
EndProject
Project("{9A19103F-16F7-4668-BE54-9A1E7A4F7556}") = "AgencyPro.AccountManager.API", "src\AgencyPro.AccountManager.API\AgencyPro.AccountManager.API.csproj", "{482AA567-6921-453C-AD88-EDF92E46924D}"
EndProject
Project("{9A19103F-16F7-4668-BE54-9A1E7A4F7556}") = "AgencyPro.Admin.API", "src\AgencyPro.Admin.API\AgencyPro.Admin.API.csproj", "{CFAE7466-AD5E-485C-8B2A-7E044FCED1F7}"
EndProject
Project("{9A19103F-16F7-4668-BE54-9A1E7A4F7556}") = "AgencyPro.Agency.API", "src\AgencyPro.Agency.API\AgencyPro.Agency.API.csproj", "{B631D985-8E19-4269-B619-7CE97FDC448D}"
EndProject
Project("{9A19103F-16F7-4668-BE54-9A1E7A4F7556}") = "AgencyPro.AgencyOwner.API", "src\AgencyPro.AgencyOwner.API\AgencyPro.AgencyOwner.API.csproj", "{886CAECF-A1A5-4C95-906E-AB59CE2403BA}"
EndProject
Project("{9A19103F-16F7-4668-BE54-9A1E7A4F7556}") = "AgencyPro.Contractor.API", "src\AgencyPro.Contractor.API\AgencyPro.Contractor.API.csproj", "{2316DD04-33E6-4929-8126-A17D82BC1034}"
EndProject
Project("{9A19103F-16F7-4668-BE54-9A1E7A4F7556}") = "AgencyPro.Customer.API", "src\AgencyPro.Customer.API\AgencyPro.Customer.API.csproj", "{B7049F38-4DD5-433A-8877-741DD2C1F382}"
EndProject
Project("{9A19103F-16F7-4668-BE54-9A1E7A4F7556}") = "AgencyPro.Identity.API", "src\AgencyPro.Identity.API\AgencyPro.Identity.API.csproj", "{8EE8B412-2DD1-4590-A609-498D6C77A217}"
EndProject
Project("{9A19103F-16F7-4668-BE54-9A1E7A4F7556}") = "AgencyPro.Marketer.API", "src\AgencyPro.Marketer.API\AgencyPro.Marketer.API.csproj", "{BA8FCC89-B35F-433D-BDA0-2E8495732E33}"
EndProject
Project("{9A19103F-16F7-4668-BE54-9A1E7A4F7556}") = "AgencyPro.Person.API", "src\AgencyPro.Person.API\AgencyPro.Person.API.csproj", "{4DC340E4-A33A-4652-82BB-006C95D9261D}"
EndProject
Project("{9A19103F-16F7-4668-BE54-9A1E7A4F7556}") = "AgencyPro.ProjectManager.API", "src\AgencyPro.ProjectManager.API\AgencyPro.ProjectManager.API.csproj", "{7C2E2C43-725E-4696-BC2A-E9E3F17F5C02}"
EndProject
Project("{9A19103F-16F7-4668-BE54-9A1E7A4F7556}") = "AgencyPro.Recruiter.API", "src\AgencyPro.Recruiter.API\AgencyPro.Recruiter.API.csproj", "{04595AA5-FD7A-420B-ABAD-DFDECF91E790}"
EndProject
Global
	GlobalSection(SolutionConfigurationPlatforms) = preSolution
		Debug|Any CPU = Debug|Any CPU
		Release|Any CPU = Release|Any CPU
	EndGlobalSection
	GlobalSection(ProjectConfigurationPlatforms) = postSolution
		{08242DD1-A428-41FC-B489-1572A9EFCA4A}.Debug|Any CPU.ActiveCfg = Debug|Any CPU
		{08242DD1-A428-41FC-B489-1572A9EFCA4A}.Debug|Any CPU.Build.0 = Debug|Any CPU
		{08242DD1-A428-41FC-B489-1572A9EFCA4A}.Release|Any CPU.ActiveCfg = Release|Any CPU
		{08242DD1-A428-41FC-B489-1572A9EFCA4A}.Release|Any CPU.Build.0 = Release|Any CPU
		{CCDC706B-F560-4916-A9DD-E75EBCCE0D24}.Debug|Any CPU.ActiveCfg = Debug|Any CPU
		{CCDC706B-F560-4916-A9DD-E75EBCCE0D24}.Debug|Any CPU.Build.0 = Debug|Any CPU
		{CCDC706B-F560-4916-A9DD-E75EBCCE0D24}.Release|Any CPU.ActiveCfg = Release|Any CPU
		{CCDC706B-F560-4916-A9DD-E75EBCCE0D24}.Release|Any CPU.Build.0 = Release|Any CPU
		{F513CBF6-F64E-4CD8-AF2C-47FFB3F7281A}.Debug|Any CPU.ActiveCfg = Debug|Any CPU
		{F513CBF6-F64E-4CD8-AF2C-47FFB3F7281A}.Debug|Any CPU.Build.0 = Debug|Any CPU
		{F513CBF6-F64E-4CD8-AF2C-47FFB3F7281A}.Release|Any CPU.ActiveCfg = Release|Any CPU
		{F513CBF6-F64E-4CD8-AF2C-47FFB3F7281A}.Release|Any CPU.Build.0 = Release|Any CPU
		{FDC6C03E-7898-4870-86D9-B26271DC6B76}.Debug|Any CPU.ActiveCfg = Debug|Any CPU
		{FDC6C03E-7898-4870-86D9-B26271DC6B76}.Debug|Any CPU.Build.0 = Debug|Any CPU
		{FDC6C03E-7898-4870-86D9-B26271DC6B76}.Release|Any CPU.ActiveCfg = Release|Any CPU
		{FDC6C03E-7898-4870-86D9-B26271DC6B76}.Release|Any CPU.Build.0 = Release|Any CPU
		{482AA567-6921-453C-AD88-EDF92E46924D}.Debug|Any CPU.ActiveCfg = Debug|Any CPU
		{482AA567-6921-453C-AD88-EDF92E46924D}.Debug|Any CPU.Build.0 = Debug|Any CPU
		{482AA567-6921-453C-AD88-EDF92E46924D}.Release|Any CPU.ActiveCfg = Release|Any CPU
		{482AA567-6921-453C-AD88-EDF92E46924D}.Release|Any CPU.Build.0 = Release|Any CPU
		{CFAE7466-AD5E-485C-8B2A-7E044FCED1F7}.Debug|Any CPU.ActiveCfg = Debug|Any CPU
		{CFAE7466-AD5E-485C-8B2A-7E044FCED1F7}.Debug|Any CPU.Build.0 = Debug|Any CPU
		{CFAE7466-AD5E-485C-8B2A-7E044FCED1F7}.Release|Any CPU.ActiveCfg = Release|Any CPU
		{CFAE7466-AD5E-485C-8B2A-7E044FCED1F7}.Release|Any CPU.Build.0 = Release|Any CPU
		{B631D985-8E19-4269-B619-7CE97FDC448D}.Debug|Any CPU.ActiveCfg = Debug|Any CPU
		{B631D985-8E19-4269-B619-7CE97FDC448D}.Debug|Any CPU.Build.0 = Debug|Any CPU
		{B631D985-8E19-4269-B619-7CE97FDC448D}.Release|Any CPU.ActiveCfg = Release|Any CPU
		{B631D985-8E19-4269-B619-7CE97FDC448D}.Release|Any CPU.Build.0 = Release|Any CPU
		{886CAECF-A1A5-4C95-906E-AB59CE2403BA}.Debug|Any CPU.ActiveCfg = Debug|Any CPU
		{886CAECF-A1A5-4C95-906E-AB59CE2403BA}.Debug|Any CPU.Build.0 = Debug|Any CPU
		{886CAECF-A1A5-4C95-906E-AB59CE2403BA}.Release|Any CPU.ActiveCfg = Release|Any CPU
		{886CAECF-A1A5-4C95-906E-AB59CE2403BA}.Release|Any CPU.Build.0 = Release|Any CPU
		{2316DD04-33E6-4929-8126-A17D82BC1034}.Debug|Any CPU.ActiveCfg = Debug|Any CPU
		{2316DD04-33E6-4929-8126-A17D82BC1034}.Debug|Any CPU.Build.0 = Debug|Any CPU
		{2316DD04-33E6-4929-8126-A17D82BC1034}.Release|Any CPU.ActiveCfg = Release|Any CPU
		{2316DD04-33E6-4929-8126-A17D82BC1034}.Release|Any CPU.Build.0 = Release|Any CPU
		{B7049F38-4DD5-433A-8877-741DD2C1F382}.Debug|Any CPU.ActiveCfg = Debug|Any CPU
		{B7049F38-4DD5-433A-8877-741DD2C1F382}.Debug|Any CPU.Build.0 = Debug|Any CPU
		{B7049F38-4DD5-433A-8877-741DD2C1F382}.Release|Any CPU.ActiveCfg = Release|Any CPU
		{B7049F38-4DD5-433A-8877-741DD2C1F382}.Release|Any CPU.Build.0 = Release|Any CPU
		{8EE8B412-2DD1-4590-A609-498D6C77A217}.Debug|Any CPU.ActiveCfg = Debug|Any CPU
		{8EE8B412-2DD1-4590-A609-498D6C77A217}.Debug|Any CPU.Build.0 = Debug|Any CPU
		{8EE8B412-2DD1-4590-A609-498D6C77A217}.Release|Any CPU.ActiveCfg = Release|Any CPU
		{8EE8B412-2DD1-4590-A609-498D6C77A217}.Release|Any CPU.Build.0 = Release|Any CPU
		{BA8FCC89-B35F-433D-BDA0-2E8495732E33}.Debug|Any CPU.ActiveCfg = Debug|Any CPU
		{BA8FCC89-B35F-433D-BDA0-2E8495732E33}.Debug|Any CPU.Build.0 = Debug|Any CPU
		{BA8FCC89-B35F-433D-BDA0-2E8495732E33}.Release|Any CPU.ActiveCfg = Release|Any CPU
		{BA8FCC89-B35F-433D-BDA0-2E8495732E33}.Release|Any CPU.Build.0 = Release|Any CPU
		{4DC340E4-A33A-4652-82BB-006C95D9261D}.Debug|Any CPU.ActiveCfg = Debug|Any CPU
		{4DC340E4-A33A-4652-82BB-006C95D9261D}.Debug|Any CPU.Build.0 = Debug|Any CPU
		{4DC340E4-A33A-4652-82BB-006C95D9261D}.Release|Any CPU.ActiveCfg = Release|Any CPU
		{4DC340E4-A33A-4652-82BB-006C95D9261D}.Release|Any CPU.Build.0 = Release|Any CPU
		{7C2E2C43-725E-4696-BC2A-E9E3F17F5C02}.Debug|Any CPU.ActiveCfg = Debug|Any CPU
		{7C2E2C43-725E-4696-BC2A-E9E3F17F5C02}.Debug|Any CPU.Build.0 = Debug|Any CPU
		{7C2E2C43-725E-4696-BC2A-E9E3F17F5C02}.Release|Any CPU.ActiveCfg = Release|Any CPU
		{7C2E2C43-725E-4696-BC2A-E9E3F17F5C02}.Release|Any CPU.Build.0 = Release|Any CPU
		{04595AA5-FD7A-420B-ABAD-DFDECF91E790}.Debug|Any CPU.ActiveCfg = Debug|Any CPU
		{04595AA5-FD7A-420B-ABAD-DFDECF91E790}.Debug|Any CPU.Build.0 = Debug|Any CPU
		{04595AA5-FD7A-420B-ABAD-DFDECF91E790}.Release|Any CPU.ActiveCfg = Release|Any CPU
		{04595AA5-FD7A-420B-ABAD-DFDECF91E790}.Release|Any CPU.Build.0 = Release|Any CPU
	EndGlobalSection
	GlobalSection(SolutionProperties) = preSolution
		HideSolutionNode = FALSE
	EndGlobalSection
	GlobalSection(NestedProjects) = preSolution
		{05471996-9CDE-4EB2-82DC-B0D6A705C128} = {259EBA2F-DA9B-46F7-8B32-E66E336DABAE}
		{08242DD1-A428-41FC-B489-1572A9EFCA4A} = {5D45E7D0-6B22-4EDB-A807-1F6F6E1A1967}
		{CCDC706B-F560-4916-A9DD-E75EBCCE0D24} = {5D45E7D0-6B22-4EDB-A807-1F6F6E1A1967}
		{F513CBF6-F64E-4CD8-AF2C-47FFB3F7281A} = {5D45E7D0-6B22-4EDB-A807-1F6F6E1A1967}
		{FDC6C03E-7898-4870-86D9-B26271DC6B76} = {ECC9EE3C-0C40-45C1-A2C2-C9FF3D6DFF79}
		{482AA567-6921-453C-AD88-EDF92E46924D} = {A0D428B6-EFB9-4AE8-96CF-585EC1295176}
		{CFAE7466-AD5E-485C-8B2A-7E044FCED1F7} = {A0D428B6-EFB9-4AE8-96CF-585EC1295176}
		{B631D985-8E19-4269-B619-7CE97FDC448D} = {A0D428B6-EFB9-4AE8-96CF-585EC1295176}
		{886CAECF-A1A5-4C95-906E-AB59CE2403BA} = {A0D428B6-EFB9-4AE8-96CF-585EC1295176}
		{2316DD04-33E6-4929-8126-A17D82BC1034} = {A0D428B6-EFB9-4AE8-96CF-585EC1295176}
		{B7049F38-4DD5-433A-8877-741DD2C1F382} = {A0D428B6-EFB9-4AE8-96CF-585EC1295176}
		{8EE8B412-2DD1-4590-A609-498D6C77A217} = {A0D428B6-EFB9-4AE8-96CF-585EC1295176}
		{BA8FCC89-B35F-433D-BDA0-2E8495732E33} = {A0D428B6-EFB9-4AE8-96CF-585EC1295176}
		{4DC340E4-A33A-4652-82BB-006C95D9261D} = {A0D428B6-EFB9-4AE8-96CF-585EC1295176}
		{7C2E2C43-725E-4696-BC2A-E9E3F17F5C02} = {A0D428B6-EFB9-4AE8-96CF-585EC1295176}
		{04595AA5-FD7A-420B-ABAD-DFDECF91E790} = {A0D428B6-EFB9-4AE8-96CF-585EC1295176}
	EndGlobalSection
	GlobalSection(ExtensibilityGlobals) = postSolution
		SolutionGuid = {01067487-C940-4534-B68B-B2E3A2466044}
	EndGlobalSection
EndGlobal
