
Microsoft Visual Studio Solution File, Format Version 12.00
# Visual Studio 15
VisualStudioVersion = 15.0.27130.2010
MinimumVisualStudioVersion = 10.0.40219.1
Project("{2150E333-8FDC-42A3-9474-1A3956D46DE8}") = "APIs", "APIs", "{A0D428B6-EFB9-4AE8-96CF-585EC1295176}"
EndProject
Project("{2150E333-8FDC-42A3-9474-1A3956D46DE8}") = "Solution Items", "Solution Items", "{259EBA2F-DA9B-46F7-8B32-E66E336DABAE}"
	ProjectSection(SolutionItems) = preProject
		..\..\..\.gitignore = ..\..\..\.gitignore
	EndProjectSection
EndProject
Project("{2150E333-8FDC-42A3-9474-1A3956D46DE8}") = "Services", "Services", "{5D45E7D0-6B22-4EDB-A807-1F6F6E1A1967}"
EndProject
Project("{2150E333-8FDC-42A3-9474-1A3956D46DE8}") = "Tests", "Tests", "{CA545ABE-F8EF-4DA4-B43B-FBC0BDCD29B2}"
EndProject
Project("{2150E333-8FDC-42A3-9474-1A3956D46DE8}") = "Middleware", "Middleware", "{ECC9EE3C-0C40-45C1-A2C2-C9FF3D6DFF79}"
EndProject
Project("{2150E333-8FDC-42A3-9474-1A3956D46DE8}") = "WebJobs", "WebJobs", "{4A969FFF-7898-4A5B-A454-3CFB2407F0F1}"
EndProject
Project("{9A19103F-16F7-4668-BE54-9A1E7A4F7556}") = "AgencyPro.Core", "AgencyPro.Core\AgencyPro.Core.csproj", "{A047CC81-CC37-4EAE-A567-FCF019056A4D}"
EndProject
Project("{9A19103F-16F7-4668-BE54-9A1E7A4F7556}") = "AgencyPro.Data", "AgencyPro.Data\AgencyPro.Data.csproj", "{D73FF0D3-760E-42E1-A3DE-1333CC4B999C}"
EndProject
Project("{9A19103F-16F7-4668-BE54-9A1E7A4F7556}") = "AgencyPro.Services", "AgencyPro.Services\AgencyPro.Services.csproj", "{A06D0C9F-CEED-4B6D-9B5A-2AF55D37FAF6}"
EndProject
Project("{9A19103F-16F7-4668-BE54-9A1E7A4F7556}") = "AgencyPro.Middleware", "AgencyPro.Middleware\AgencyPro.Middleware.csproj", "{B6720CAB-3C72-4C4E-A6D7-C80092DEEA73}"
EndProject
Project("{9A19103F-16F7-4668-BE54-9A1E7A4F7556}") = "AgencyPro.Identity.API", "AgencyPro.Identity.API\AgencyPro.Identity.API.csproj", "{EA6D8306-0EA7-4739-847B-73C832C10651}"
EndProject
Project("{9A19103F-16F7-4668-BE54-9A1E7A4F7556}") = "AgencyPro.Contractor.API", "AgencyPro.Contractor.API\AgencyPro.Contractor.API.csproj", "{2042ECBE-3F32-490F-9B37-24A5119121BF}"
EndProject
Project("{9A19103F-16F7-4668-BE54-9A1E7A4F7556}") = "AgencyPro.AccountManager.API", "AgencyPro.AccountManager.API\AgencyPro.AccountManager.API.csproj", "{92B83DA7-63A0-4A9A-9FCE-FB4CF848BB0E}"
EndProject
Project("{9A19103F-16F7-4668-BE54-9A1E7A4F7556}") = "AgencyPro.Admin.API", "AgencyPro.Admin.API\AgencyPro.Admin.API.csproj", "{12190DDA-999F-4399-BC5C-55EE5CF702C3}"
EndProject
Project("{9A19103F-16F7-4668-BE54-9A1E7A4F7556}") = "AgencyPro.Recruiter.API", "AgencyPro.Recruiter.API\AgencyPro.Recruiter.API.csproj", "{72AC3322-8B53-4E38-9B38-FDCC3F3D9C1E}"
EndProject
Project("{9A19103F-16F7-4668-BE54-9A1E7A4F7556}") = "AgencyPro.Marketer.API", "AgencyPro.Marketer.API\AgencyPro.Marketer.API.csproj", "{EF7CBC12-8CD6-43D0-A361-1434060A56B0}"
EndProject
Project("{9A19103F-16F7-4668-BE54-9A1E7A4F7556}") = "AgencyPro.ProjectManager.API", "AgencyPro.ProjectManager.API\AgencyPro.ProjectManager.API.csproj", "{EDE70E15-C9E8-4DB6-A218-E9AA23EF4EF2}"
EndProject
Project("{9A19103F-16F7-4668-BE54-9A1E7A4F7556}") = "AgencyPro.Agency.API", "AgencyPro.Agency.API\AgencyPro.Agency.API.csproj", "{1D5050FC-5839-4558-9D20-68BB0B23C801}"
EndProject
Project("{9A19103F-16F7-4668-BE54-9A1E7A4F7556}") = "AgencyPro.AgencyOwner.API", "AgencyPro.AgencyOwner.API\AgencyPro.AgencyOwner.API.csproj", "{7A0622EB-BCB5-4787-8294-226B15D3F243}"
EndProject
Project("{9A19103F-16F7-4668-BE54-9A1E7A4F7556}") = "AgencyPro.Customer.API", "AgencyPro.Customer.API\AgencyPro.Customer.API.csproj", "{D89F110E-5901-47B3-A4FC-8EF3BF71D192}"
EndProject
Project("{9A19103F-16F7-4668-BE54-9A1E7A4F7556}") = "AgencyPro.Person.API", "AgencyPro.Person.API\AgencyPro.Person.API.csproj", "{2AA75344-3846-4469-A3C0-31B603072A63}"
EndProject
Global
	GlobalSection(SolutionConfigurationPlatforms) = preSolution
		Debug|Any CPU = Debug|Any CPU
		Release|Any CPU = Release|Any CPU
	EndGlobalSection
	GlobalSection(ProjectConfigurationPlatforms) = postSolution
		{A047CC81-CC37-4EAE-A567-FCF019056A4D}.Debug|Any CPU.ActiveCfg = Debug|Any CPU
		{A047CC81-CC37-4EAE-A567-FCF019056A4D}.Debug|Any CPU.Build.0 = Debug|Any CPU
		{A047CC81-CC37-4EAE-A567-FCF019056A4D}.Release|Any CPU.ActiveCfg = Release|Any CPU
		{A047CC81-CC37-4EAE-A567-FCF019056A4D}.Release|Any CPU.Build.0 = Release|Any CPU
		{D73FF0D3-760E-42E1-A3DE-1333CC4B999C}.Debug|Any CPU.ActiveCfg = Debug|Any CPU
		{D73FF0D3-760E-42E1-A3DE-1333CC4B999C}.Debug|Any CPU.Build.0 = Debug|Any CPU
		{D73FF0D3-760E-42E1-A3DE-1333CC4B999C}.Release|Any CPU.ActiveCfg = Release|Any CPU
		{D73FF0D3-760E-42E1-A3DE-1333CC4B999C}.Release|Any CPU.Build.0 = Release|Any CPU
		{A06D0C9F-CEED-4B6D-9B5A-2AF55D37FAF6}.Debug|Any CPU.ActiveCfg = Debug|Any CPU
		{A06D0C9F-CEED-4B6D-9B5A-2AF55D37FAF6}.Debug|Any CPU.Build.0 = Debug|Any CPU
		{A06D0C9F-CEED-4B6D-9B5A-2AF55D37FAF6}.Release|Any CPU.ActiveCfg = Release|Any CPU
		{A06D0C9F-CEED-4B6D-9B5A-2AF55D37FAF6}.Release|Any CPU.Build.0 = Release|Any CPU
		{B6720CAB-3C72-4C4E-A6D7-C80092DEEA73}.Debug|Any CPU.ActiveCfg = Debug|Any CPU
		{B6720CAB-3C72-4C4E-A6D7-C80092DEEA73}.Debug|Any CPU.Build.0 = Debug|Any CPU
		{B6720CAB-3C72-4C4E-A6D7-C80092DEEA73}.Release|Any CPU.ActiveCfg = Release|Any CPU
		{B6720CAB-3C72-4C4E-A6D7-C80092DEEA73}.Release|Any CPU.Build.0 = Release|Any CPU
		{EA6D8306-0EA7-4739-847B-73C832C10651}.Debug|Any CPU.ActiveCfg = Debug|Any CPU
		{EA6D8306-0EA7-4739-847B-73C832C10651}.Debug|Any CPU.Build.0 = Debug|Any CPU
		{EA6D8306-0EA7-4739-847B-73C832C10651}.Release|Any CPU.ActiveCfg = Release|Any CPU
		{EA6D8306-0EA7-4739-847B-73C832C10651}.Release|Any CPU.Build.0 = Release|Any CPU
		{2042ECBE-3F32-490F-9B37-24A5119121BF}.Debug|Any CPU.ActiveCfg = Debug|Any CPU
		{2042ECBE-3F32-490F-9B37-24A5119121BF}.Debug|Any CPU.Build.0 = Debug|Any CPU
		{2042ECBE-3F32-490F-9B37-24A5119121BF}.Release|Any CPU.ActiveCfg = Release|Any CPU
		{2042ECBE-3F32-490F-9B37-24A5119121BF}.Release|Any CPU.Build.0 = Release|Any CPU
		{92B83DA7-63A0-4A9A-9FCE-FB4CF848BB0E}.Debug|Any CPU.ActiveCfg = Debug|Any CPU
		{92B83DA7-63A0-4A9A-9FCE-FB4CF848BB0E}.Debug|Any CPU.Build.0 = Debug|Any CPU
		{92B83DA7-63A0-4A9A-9FCE-FB4CF848BB0E}.Release|Any CPU.ActiveCfg = Release|Any CPU
		{92B83DA7-63A0-4A9A-9FCE-FB4CF848BB0E}.Release|Any CPU.Build.0 = Release|Any CPU
		{12190DDA-999F-4399-BC5C-55EE5CF702C3}.Debug|Any CPU.ActiveCfg = Debug|Any CPU
		{12190DDA-999F-4399-BC5C-55EE5CF702C3}.Debug|Any CPU.Build.0 = Debug|Any CPU
		{12190DDA-999F-4399-BC5C-55EE5CF702C3}.Release|Any CPU.ActiveCfg = Release|Any CPU
		{12190DDA-999F-4399-BC5C-55EE5CF702C3}.Release|Any CPU.Build.0 = Release|Any CPU
		{72AC3322-8B53-4E38-9B38-FDCC3F3D9C1E}.Debug|Any CPU.ActiveCfg = Debug|Any CPU
		{72AC3322-8B53-4E38-9B38-FDCC3F3D9C1E}.Debug|Any CPU.Build.0 = Debug|Any CPU
		{72AC3322-8B53-4E38-9B38-FDCC3F3D9C1E}.Release|Any CPU.ActiveCfg = Release|Any CPU
		{72AC3322-8B53-4E38-9B38-FDCC3F3D9C1E}.Release|Any CPU.Build.0 = Release|Any CPU
		{EF7CBC12-8CD6-43D0-A361-1434060A56B0}.Debug|Any CPU.ActiveCfg = Debug|Any CPU
		{EF7CBC12-8CD6-43D0-A361-1434060A56B0}.Debug|Any CPU.Build.0 = Debug|Any CPU
		{EF7CBC12-8CD6-43D0-A361-1434060A56B0}.Release|Any CPU.ActiveCfg = Release|Any CPU
		{EF7CBC12-8CD6-43D0-A361-1434060A56B0}.Release|Any CPU.Build.0 = Release|Any CPU
		{EDE70E15-C9E8-4DB6-A218-E9AA23EF4EF2}.Debug|Any CPU.ActiveCfg = Debug|Any CPU
		{EDE70E15-C9E8-4DB6-A218-E9AA23EF4EF2}.Debug|Any CPU.Build.0 = Debug|Any CPU
		{EDE70E15-C9E8-4DB6-A218-E9AA23EF4EF2}.Release|Any CPU.ActiveCfg = Release|Any CPU
		{EDE70E15-C9E8-4DB6-A218-E9AA23EF4EF2}.Release|Any CPU.Build.0 = Release|Any CPU
		{1D5050FC-5839-4558-9D20-68BB0B23C801}.Debug|Any CPU.ActiveCfg = Debug|Any CPU
		{1D5050FC-5839-4558-9D20-68BB0B23C801}.Debug|Any CPU.Build.0 = Debug|Any CPU
		{1D5050FC-5839-4558-9D20-68BB0B23C801}.Release|Any CPU.ActiveCfg = Release|Any CPU
		{1D5050FC-5839-4558-9D20-68BB0B23C801}.Release|Any CPU.Build.0 = Release|Any CPU
		{7A0622EB-BCB5-4787-8294-226B15D3F243}.Debug|Any CPU.ActiveCfg = Debug|Any CPU
		{7A0622EB-BCB5-4787-8294-226B15D3F243}.Debug|Any CPU.Build.0 = Debug|Any CPU
		{7A0622EB-BCB5-4787-8294-226B15D3F243}.Release|Any CPU.ActiveCfg = Release|Any CPU
		{7A0622EB-BCB5-4787-8294-226B15D3F243}.Release|Any CPU.Build.0 = Release|Any CPU
		{D89F110E-5901-47B3-A4FC-8EF3BF71D192}.Debug|Any CPU.ActiveCfg = Debug|Any CPU
		{D89F110E-5901-47B3-A4FC-8EF3BF71D192}.Debug|Any CPU.Build.0 = Debug|Any CPU
		{D89F110E-5901-47B3-A4FC-8EF3BF71D192}.Release|Any CPU.ActiveCfg = Release|Any CPU
		{D89F110E-5901-47B3-A4FC-8EF3BF71D192}.Release|Any CPU.Build.0 = Release|Any CPU
		{2AA75344-3846-4469-A3C0-31B603072A63}.Debug|Any CPU.ActiveCfg = Debug|Any CPU
		{2AA75344-3846-4469-A3C0-31B603072A63}.Debug|Any CPU.Build.0 = Debug|Any CPU
		{2AA75344-3846-4469-A3C0-31B603072A63}.Release|Any CPU.ActiveCfg = Release|Any CPU
		{2AA75344-3846-4469-A3C0-31B603072A63}.Release|Any CPU.Build.0 = Release|Any CPU
	EndGlobalSection
	GlobalSection(SolutionProperties) = preSolution
		HideSolutionNode = FALSE
	EndGlobalSection
	GlobalSection(NestedProjects) = preSolution
		{A047CC81-CC37-4EAE-A567-FCF019056A4D} = {5D45E7D0-6B22-4EDB-A807-1F6F6E1A1967}
		{D73FF0D3-760E-42E1-A3DE-1333CC4B999C} = {5D45E7D0-6B22-4EDB-A807-1F6F6E1A1967}
		{A06D0C9F-CEED-4B6D-9B5A-2AF55D37FAF6} = {5D45E7D0-6B22-4EDB-A807-1F6F6E1A1967}
		{B6720CAB-3C72-4C4E-A6D7-C80092DEEA73} = {ECC9EE3C-0C40-45C1-A2C2-C9FF3D6DFF79}
		{EA6D8306-0EA7-4739-847B-73C832C10651} = {A0D428B6-EFB9-4AE8-96CF-585EC1295176}
		{2042ECBE-3F32-490F-9B37-24A5119121BF} = {A0D428B6-EFB9-4AE8-96CF-585EC1295176}
		{92B83DA7-63A0-4A9A-9FCE-FB4CF848BB0E} = {A0D428B6-EFB9-4AE8-96CF-585EC1295176}
		{12190DDA-999F-4399-BC5C-55EE5CF702C3} = {A0D428B6-EFB9-4AE8-96CF-585EC1295176}
		{72AC3322-8B53-4E38-9B38-FDCC3F3D9C1E} = {A0D428B6-EFB9-4AE8-96CF-585EC1295176}
		{EF7CBC12-8CD6-43D0-A361-1434060A56B0} = {A0D428B6-EFB9-4AE8-96CF-585EC1295176}
		{EDE70E15-C9E8-4DB6-A218-E9AA23EF4EF2} = {A0D428B6-EFB9-4AE8-96CF-585EC1295176}
		{1D5050FC-5839-4558-9D20-68BB0B23C801} = {A0D428B6-EFB9-4AE8-96CF-585EC1295176}
		{7A0622EB-BCB5-4787-8294-226B15D3F243} = {A0D428B6-EFB9-4AE8-96CF-585EC1295176}
		{D89F110E-5901-47B3-A4FC-8EF3BF71D192} = {A0D428B6-EFB9-4AE8-96CF-585EC1295176}
		{2AA75344-3846-4469-A3C0-31B603072A63} = {A0D428B6-EFB9-4AE8-96CF-585EC1295176}
	EndGlobalSection
	GlobalSection(ExtensibilityGlobals) = postSolution
		SolutionGuid = {01067487-C940-4534-B68B-B2E3A2466044}
	EndGlobalSection
EndGlobal
